
Microsoft Visual Studio Solution File, Format Version 12.00
# Visual Studio Version 16
VisualStudioVersion = 16.0.29324.140
MinimumVisualStudioVersion = 10.0.40219.1
Project("{FAE04EC0-301F-11D3-BF4B-00C04F79EFBC}") = "SEWorkshop", "SEWorkshop\SEWorkshop.csproj", "{2FC854C0-7CF1-4EFB-8F0D-B301245E791B}"
EndProject
Project("{FAE04EC0-301F-11D3-BF4B-00C04F79EFBC}") = "SEWorkshop.UnitTests", "SEWorkshop.UnitTests\SEWorkshop.UnitTests.csproj", "{865BDA36-9381-481F-BF3C-382A73A40817}"
EndProject
Global
	GlobalSection(SolutionConfigurationPlatforms) = preSolution
		Debug|Any CPU = Debug|Any CPU
		Release|Any CPU = Release|Any CPU
	EndGlobalSection
	GlobalSection(ProjectConfigurationPlatforms) = postSolution
		{2FC854C0-7CF1-4EFB-8F0D-B301245E791B}.Debug|Any CPU.ActiveCfg = Debug|Any CPU
		{2FC854C0-7CF1-4EFB-8F0D-B301245E791B}.Debug|Any CPU.Build.0 = Debug|Any CPU
		{2FC854C0-7CF1-4EFB-8F0D-B301245E791B}.Release|Any CPU.ActiveCfg = Release|Any CPU
		{2FC854C0-7CF1-4EFB-8F0D-B301245E791B}.Release|Any CPU.Build.0 = Release|Any CPU
		{865BDA36-9381-481F-BF3C-382A73A40817}.Debug|Any CPU.ActiveCfg = Debug|Any CPU
		{865BDA36-9381-481F-BF3C-382A73A40817}.Debug|Any CPU.Build.0 = Debug|Any CPU
		{865BDA36-9381-481F-BF3C-382A73A40817}.Release|Any CPU.ActiveCfg = Release|Any CPU
		{865BDA36-9381-481F-BF3C-382A73A40817}.Release|Any CPU.Build.0 = Release|Any CPU
	EndGlobalSection
	GlobalSection(SolutionProperties) = preSolution
		HideSolutionNode = FALSE
	EndGlobalSection
	GlobalSection(ExtensibilityGlobals) = postSolution
		SolutionGuid = {BF1AF1DA-8465-4DC9-A6FE-440879EAC1DC}
	EndGlobalSection
EndGlobal
